
Microsoft Visual Studio Solution File, Format Version 12.00
# Visual Studio Version 16
VisualStudioVersion = 16.0.29020.237
MinimumVisualStudioVersion = 10.0.40219.1
Project("{FAE04EC0-301F-11D3-BF4B-00C04F79EFBC}") = "Tedd.TeradataADONetTest", "Tedd.TeradataADONetTest\Tedd.TeradataADONetTest.csproj", "{FFC785C0-74A4-4103-AE84-9062E5F84AE6}"
EndProject
Global
	GlobalSection(SolutionConfigurationPlatforms) = preSolution
		Debug|Any CPU = Debug|Any CPU
		Release|Any CPU = Release|Any CPU
	EndGlobalSection
	GlobalSection(ProjectConfigurationPlatforms) = postSolution
		{FFC785C0-74A4-4103-AE84-9062E5F84AE6}.Debug|Any CPU.ActiveCfg = Debug|Any CPU
		{FFC785C0-74A4-4103-AE84-9062E5F84AE6}.Debug|Any CPU.Build.0 = Debug|Any CPU
		{FFC785C0-74A4-4103-AE84-9062E5F84AE6}.Release|Any CPU.ActiveCfg = Release|Any CPU
		{FFC785C0-74A4-4103-AE84-9062E5F84AE6}.Release|Any CPU.Build.0 = Release|Any CPU
	EndGlobalSection
	GlobalSection(SolutionProperties) = preSolution
		HideSolutionNode = FALSE
	EndGlobalSection
	GlobalSection(ExtensibilityGlobals) = postSolution
		SolutionGuid = {93AFE7B9-B4B3-451E-AFDE-F2BDE90F10D6}
	EndGlobalSection
EndGlobal
